// !$*UTF8*$!
{
	archiveVersion = 1;
	classes = {
	};
	objectVersion = 46;
	objects = {

/* Begin PBXBuildFile section */
		F335B0F6216312C2001D4C8A /* AppDelegate.swift in Sources */ = {isa = PBXBuildFile; fileRef = F335B0F5216312C2001D4C8A /* AppDelegate.swift */; };
		F335B0F8216312C2001D4C8A /* MasterViewController.swift in Sources */ = {isa = PBXBuildFile; fileRef = F335B0F7216312C2001D4C8A /* MasterViewController.swift */; };
		F335B0FA216312C2001D4C8A /* DetailViewController.swift in Sources */ = {isa = PBXBuildFile; fileRef = F335B0F9216312C2001D4C8A /* DetailViewController.swift */; };
		F335B0FD216312C2001D4C8A /* Main.storyboard in Resources */ = {isa = PBXBuildFile; fileRef = F335B0FB216312C2001D4C8A /* Main.storyboard */; };
		F335B0FF216312C2001D4C8A /* Assets.xcassets in Resources */ = {isa = PBXBuildFile; fileRef = F335B0FE216312C2001D4C8A /* Assets.xcassets */; };
		F335B102216312C2001D4C8A /* LaunchScreen.storyboard in Resources */ = {isa = PBXBuildFile; fileRef = F335B100216312C2001D4C8A /* LaunchScreen.storyboard */; };
/* End PBXBuildFile section */

/* Begin PBXFileReference section */
		F335B0F2216312C2001D4C8A /* FourSquareDemo.app */ = {isa = PBXFileReference; explicitFileType = wrapper.application; includeInIndex = 0; path = FourSquareDemo.app; sourceTree = BUILT_PRODUCTS_DIR; };
		F335B0F5216312C2001D4C8A /* AppDelegate.swift */ = {isa = PBXFileReference; lastKnownFileType = sourcecode.swift; path = AppDelegate.swift; sourceTree = "<group>"; };
		F335B0F7216312C2001D4C8A /* MasterViewController.swift */ = {isa = PBXFileReference; lastKnownFileType = sourcecode.swift; path = MasterViewController.swift; sourceTree = "<group>"; };
		F335B0F9216312C2001D4C8A /* DetailViewController.swift */ = {isa = PBXFileReference; lastKnownFileType = sourcecode.swift; path = DetailViewController.swift; sourceTree = "<group>"; };
		F335B0FC216312C2001D4C8A /* Base */ = {isa = PBXFileReference; lastKnownFileType = file.storyboard; name = Base; path = Base.lproj/Main.storyboard; sourceTree = "<group>"; };
		F335B0FE216312C2001D4C8A /* Assets.xcassets */ = {isa = PBXFileReference; lastKnownFileType = folder.assetcatalog; path = Assets.xcassets; sourceTree = "<group>"; };
		F335B101216312C2001D4C8A /* Base */ = {isa = PBXFileReference; lastKnownFileType = file.storyboard; name = Base; path = Base.lproj/LaunchScreen.storyboard; sourceTree = "<group>"; };
		F335B103216312C2001D4C8A /* Info.plist */ = {isa = PBXFileReference; lastKnownFileType = text.plist.xml; path = Info.plist; sourceTree = "<group>"; };
/* End PBXFileReference section */

/* Begin PBXFrameworksBuildPhase section */
		F335B0EF216312C1001D4C8A /* Frameworks */ = {
			isa = PBXFrameworksBuildPhase;
			buildActionMask = 2147483647;
			files = (
			);
			runOnlyForDeploymentPostprocessing = 0;
		};
/* End PBXFrameworksBuildPhase section */

/* Begin PBXGroup section */
		F335B0E9216312C1001D4C8A = {
			isa = PBXGroup;
			children = (
				F335B0F4216312C2001D4C8A /* FourSquareDemo */,
				F335B0F3216312C2001D4C8A /* Products */,
			);
			sourceTree = "<group>";
		};
		F335B0F3216312C2001D4C8A /* Products */ = {
			isa = PBXGroup;
			children = (
				F335B0F2216312C2001D4C8A /* FourSquareDemo.app */,
			);
			name = Products;
			sourceTree = "<group>";
		};
		F335B0F4216312C2001D4C8A /* FourSquareDemo */ = {
			isa = PBXGroup;
			children = (
				F335B0F5216312C2001D4C8A /* AppDelegate.swift */,
				F335B0F7216312C2001D4C8A /* MasterViewController.swift */,
				F335B0F9216312C2001D4C8A /* DetailViewController.swift */,
				F335B0FB216312C2001D4C8A /* Main.storyboard */,
				F335B0FE216312C2001D4C8A /* Assets.xcassets */,
				F335B100216312C2001D4C8A /* LaunchScreen.storyboard */,
				F335B103216312C2001D4C8A /* Info.plist */,
			);
			path = FourSquareDemo;
			sourceTree = "<group>";
		};
/* End PBXGroup section */

/* Begin PBXNativeTarget section */
		F335B0F1216312C1001D4C8A /* FourSquareDemo */ = {
			isa = PBXNativeTarget;
			buildConfigurationList = F335B106216312C2001D4C8A /* Build configuration list for PBXNativeTarget "FourSquareDemo" */;
			buildPhases = (
				F335B0EE216312C1001D4C8A /* Sources */,
				F335B0EF216312C1001D4C8A /* Frameworks */,
				F335B0F0216312C1001D4C8A /* Resources */,
			);
			buildRules = (
			);
			dependencies = (
			);
			name = FourSquareDemo;
			productName = FourSquareDemo;
			productReference = F335B0F2216312C2001D4C8A /* FourSquareDemo.app */;
			productType = "com.apple.product-type.application";
		};
/* End PBXNativeTarget section */

/* Begin PBXProject section */
		F335B0EA216312C1001D4C8A /* Project object */ = {
			isa = PBXProject;
			attributes = {
				LastSwiftUpdateCheck = 0830;
				LastUpgradeCheck = 0830;
				TargetAttributes = {
					F335B0F1216312C1001D4C8A = {
						CreatedOnToolsVersion = 8.3.3;
						DevelopmentTeam = 29Z5R7VL8N;
						ProvisioningStyle = Automatic;
					};
				};
			};
			buildConfigurationList = F335B0ED216312C1001D4C8A /* Build configuration list for PBXProject "FourSquareDemo" */;
			compatibilityVersion = "Xcode 3.2";
			developmentRegion = English;
			hasScannedForEncodings = 0;
			knownRegions = (
				en,
				Base,
			);
			mainGroup = F335B0E9216312C1001D4C8A;
			productRefGroup = F335B0F3216312C2001D4C8A /* Products */;
			projectDirPath = "";
			projectRoot = "";
			targets = (
				F335B0F1216312C1001D4C8A /* FourSquareDemo */,
			);
		};
/* End PBXProject section */

/* Begin PBXResourcesBuildPhase section */
		F335B0F0216312C1001D4C8A /* Resources */ = {
			isa = PBXResourcesBuildPhase;
			buildActionMask = 2147483647;
			files = (
				F335B102216312C2001D4C8A /* LaunchScreen.storyboard in Resources */,
				F335B0FF216312C2001D4C8A /* Assets.xcassets in Resources */,
				F335B0FD216312C2001D4C8A /* Main.storyboard in Resources */,
			);
			runOnlyForDeploymentPostprocessing = 0;
		};
/* End PBXResourcesBuildPhase section */

/* Begin PBXSourcesBuildPhase section */
		F335B0EE216312C1001D4C8A /* Sources */ = {
			isa = PBXSourcesBuildPhase;
			buildActionMask = 2147483647;
			files = (
				F335B0FA216312C2001D4C8A /* DetailViewController.swift in Sources */,
				F335B0F8216312C2001D4C8A /* MasterViewController.swift in Sources */,
				F335B0F6216312C2001D4C8A /* AppDelegate.swift in Sources */,
			);
			runOnlyForDeploymentPostprocessing = 0;
		};
/* End PBXSourcesBuildPhase section */

/* Begin PBXVariantGroup section */
		F335B0FB216312C2001D4C8A /* Main.storyboard */ = {
			isa = PBXVariantGroup;
			children = (
				F335B0FC216312C2001D4C8A /* Base */,
			);
			name = Main.storyboard;
			sourceTree = "<group>";
		};
		F335B100216312C2001D4C8A /* LaunchScreen.storyboard */ = {
			isa = PBXVariantGroup;
			children = (
				F335B101216312C2001D4C8A /* Base */,
			);
			name = LaunchScreen.storyboard;
			sourceTree = "<group>";
		};
/* End PBXVariantGroup section */

/* Begin XCBuildConfiguration section */
		F335B104216312C2001D4C8A /* Debug */ = {
			isa = XCBuildConfiguration;
			buildSettings = {
				ALWAYS_SEARCH_USER_PATHS = NO;
				CLANG_ANALYZER_NONNULL = YES;
				CLANG_ANALYZER_NUMBER_OBJECT_CONVERSION = YES_AGGRESSIVE;
				CLANG_CXX_LANGUAGE_STANDARD = "gnu++0x";
				CLANG_CXX_LIBRARY = "libc++";
				CLANG_ENABLE_MODULES = YES;
				CLANG_ENABLE_OBJC_ARC = YES;
				CLANG_WARN_BOOL_CONVERSION = YES;
				CLANG_WARN_CONSTANT_CONVERSION = YES;
				CLANG_WARN_DIRECT_OBJC_ISA_USAGE = YES_ERROR;
				CLANG_WARN_DOCUMENTATION_COMMENTS = YES;
				CLANG_WARN_EMPTY_BODY = YES;
				CLANG_WARN_ENUM_CONVERSION = YES;
				CLANG_WARN_INFINITE_RECURSION = YES;
				CLANG_WARN_INT_CONVERSION = YES;
				CLANG_WARN_OBJC_ROOT_CLASS = YES_ERROR;
				CLANG_WARN_SUSPICIOUS_MOVE = YES;
				CLANG_WARN_UNREACHABLE_CODE = YES;
				CLANG_WARN__DUPLICATE_METHOD_MATCH = YES;
				"CODE_SIGN_IDENTITY[sdk=iphoneos*]" = "iPhone Developer";
				COPY_PHASE_STRIP = NO;
				DEBUG_INFORMATION_FORMAT = dwarf;
				ENABLE_STRICT_OBJC_MSGSEND = YES;
				ENABLE_TESTABILITY = YES;
				GCC_C_LANGUAGE_STANDARD = gnu99;
				GCC_DYNAMIC_NO_PIC = NO;
				GCC_NO_COMMON_BLOCKS = YES;
				GCC_OPTIMIZATION_LEVEL = 0;
				GCC_PREPROCESSOR_DEFINITIONS = (
					"DEBUG=1",
					"$(inherited)",
				);
				GCC_WARN_64_TO_32_BIT_CONVERSION = YES;
				GCC_WARN_ABOUT_RETURN_TYPE = YES_ERROR;
				GCC_WARN_UNDECLARED_SELECTOR = YES;
				GCC_WARN_UNINITIALIZED_AUTOS = YES_AGGRESSIVE;
				GCC_WARN_UNUSED_FUNCTION = YES;
				GCC_WARN_UNUSED_VARIABLE = YES;
				IPHONEOS_DEPLOYMENT_TARGET = 10.3;
				MTL_ENABLE_DEBUG_INFO = YES;
				ONLY_ACTIVE_ARCH = YES;
				SDKROOT = iphoneos;
				SWIFT_ACTIVE_COMPILATION_CONDITIONS = DEBUG;
				SWIFT_OPTIMIZATION_LEVEL = "-Onone";
				TARGETED_DEVICE_FAMILY = "1,2";
			};
			name = Debug;
		};
		F335B105216312C2001D4C8A /* Release */ = {
			isa = XCBuildConfiguration;
			buildSettings = {
				ALWAYS_SEARCH_USER_PATHS = NO;
				CLANG_ANALYZER_NONNULL = YES;
				CLANG_ANALYZER_NUMBER_OBJECT_CONVERSION = YES_AGGRESSIVE;
				CLANG_CXX_LANGUAGE_STANDARD = "gnu++0x";
				CLANG_CXX_LIBRARY = "libc++";
				CLANG_ENABLE_MODULES = YES;
				CLANG_ENABLE_OBJC_ARC = YES;
				CLANG_WARN_BOOL_CONVERSION = YES;
				CLANG_WARN_CONSTANT_CONVERSION = YES;
				CLANG_WARN_DIRECT_OBJC_ISA_USAGE = YES_ERROR;
				CLANG_WARN_DOCUMENTATION_COMMENTS = YES;
				CLANG_WARN_EMPTY_BODY = YES;
				CLANG_WARN_ENUM_CONVERSION = YES;
				CLANG_WARN_INFINITE_RECURSION = YES;
				CLANG_WARN_INT_CONVERSION = YES;
				CLANG_WARN_OBJC_ROOT_CLASS = YES_ERROR;
				CLANG_WARN_SUSPICIOUS_MOVE = YES;
				CLANG_WARN_UNREACHABLE_CODE = YES;
				CLANG_WARN__DUPLICATE_METHOD_MATCH = YES;
				"CODE_SIGN_IDENTITY[sdk=iphoneos*]" = "iPhone Developer";
				COPY_PHASE_STRIP = NO;
				DEBUG_INFORMATION_FORMAT = "dwarf-with-dsym";
				ENABLE_NS_ASSERTIONS = NO;
				ENABLE_STRICT_OBJC_MSGSEND = YES;
				GCC_C_LANGUAGE_STANDARD = gnu99;
				GCC_NO_COMMON_BLOCKS = YES;
				GCC_WARN_64_TO_32_BIT_CONVERSION = YES;
				GCC_WARN_ABOUT_RETURN_TYPE = YES_ERROR;
				GCC_WARN_UNDECLARED_SELECTOR = YES;
				GCC_WARN_UNINITIALIZED_AUTOS = YES_AGGRESSIVE;
				GCC_WARN_UNUSED_FUNCTION = YES;
				GCC_WARN_UNUSED_VARIABLE = YES;
				IPHONEOS_DEPLOYMENT_TARGET = 10.3;
				MTL_ENABLE_DEBUG_INFO = NO;
				SDKROOT = iphoneos;
				SWIFT_OPTIMIZATION_LEVEL = "-Owholemodule";
				TARGETED_DEVICE_FAMILY = "1,2";
				VALIDATE_PRODUCT = YES;
			};
			name = Release;
		};
		F335B107216312C2001D4C8A /* Debug */ = {
			isa = XCBuildConfiguration;
			buildSettings = {
				ASSETCATALOG_COMPILER_APPICON_NAME = AppIcon;
				DEVELOPMENT_TEAM = 29Z5R7VL8N;
				INFOPLIST_FILE = FourSquareDemo/Info.plist;
				LD_RUNPATH_SEARCH_PATHS = "$(inherited) @executable_path/Frameworks";
				PRODUCT_BUNDLE_IDENTIFIER = "com.-.FourSquareDemo";
				PRODUCT_NAME = "$(TARGET_NAME)";
				SWIFT_VERSION = 3.0;
				TARGETED_DEVICE_FAMILY = "1,2";
			};
			name = Debug;
		};
		F335B108216312C2001D4C8A /* Release */ = {
			isa = XCBuildConfiguration;
			buildSettings = {
				ASSETCATALOG_COMPILER_APPICON_NAME = AppIcon;
				DEVELOPMENT_TEAM = 29Z5R7VL8N;
				INFOPLIST_FILE = FourSquareDemo/Info.plist;
				LD_RUNPATH_SEARCH_PATHS = "$(inherited) @executable_path/Frameworks";
				PRODUCT_BUNDLE_IDENTIFIER = "com.-.FourSquareDemo";
				PRODUCT_NAME = "$(TARGET_NAME)";
				SWIFT_VERSION = 3.0;
				TARGETED_DEVICE_FAMILY = "1,2";
			};
			name = Release;
		};
/* End XCBuildConfiguration section */

/* Begin XCConfigurationList section */
		F335B0ED216312C1001D4C8A /* Build configuration list for PBXProject "FourSquareDemo" */ = {
			isa = XCConfigurationList;
			buildConfigurations = (
				F335B104216312C2001D4C8A /* Debug */,
				F335B105216312C2001D4C8A /* Release */,
			);
			defaultConfigurationIsVisible = 0;
			defaultConfigurationName = Release;
		};
		F335B106216312C2001D4C8A /* Build configuration list for PBXNativeTarget "FourSquareDemo" */ = {
			isa = XCConfigurationList;
			buildConfigurations = (
				F335B107216312C2001D4C8A /* Debug */,
				F335B108216312C2001D4C8A /* Release */,
			);
			defaultConfigurationIsVisible = 0;
			defaultConfigurationName = Release;
		};
/* End XCConfigurationList section */
	};
	rootObject = F335B0EA216312C1001D4C8A /* Project object */;
}
